# This file is automatically @generated by Poetry 2.1.3 and should not be changed by hand.

[[package]]
name = "baml-cli"
version = "0.1.0"
description = "The BAML CLI, distributed in Python"
optional = false
python-versions = "<4.0,>=3.8"
groups = ["dev"]
files = [
    {file = "baml_cli-0.1.0-py3-none-any.whl", hash = "sha256:3e0630a10bf940c539e57fc37daf70ea6c097a7feda423f01822a936c2439cdb"},
    {file = "baml_cli-0.1.0.tar.gz", hash = "sha256:ebc3c325f167282918d397e0597dadf2323f463be7be1249b8664a6d2c48166c"},
]

[package.dependencies]
baml_py = ">=0.1.0"

[[package]]
name = "baml-py"
version = "0.88.0"
description = "BAML python bindings (pyproject.toml)"
optional = false
python-versions = "*"
groups = ["dev"]
files = [
    {file = "baml_py-0.88.0-cp38-abi3-macosx_10_12_x86_64.whl", hash = "sha256:a8c8a9047c086e6a0b2399e3955ab04d74347ddeb3494d0a9020e49f0db7b0de"},
    {file = "baml_py-0.88.0-cp38-abi3-macosx_11_0_arm64.whl", hash = "sha256:6a95f27701b3d7f4a934e74e6be554e8c1a25cda863827f7702b9e782e5ad828"},
    {file = "baml_py-0.88.0-cp38-abi3-manylinux_2_17_x86_64.manylinux2014_x86_64.whl", hash = "sha256:8473da1a712c7d7d46cdad4465025a1927db6354c09e3dfc5691e25c1d7a17d2"},
    {file = "baml_py-0.88.0-cp38-abi3-manylinux_2_24_aarch64.whl", hash = "sha256:6d1283c2664b45b9e0c4e27b74a8606254258cc4b7fac7bec231b7c36bba5921"},
    {file = "baml_py-0.88.0-cp38-abi3-musllinux_1_1_aarch64.whl", hash = "sha256:737f71baba6138ae3f7432c83c92acd8eff3e9ccfbbd3d3aed9043b19d88c21a"},
    {file = "baml_py-0.88.0-cp38-abi3-musllinux_1_1_x86_64.whl", hash = "sha256:a2a005e3eadb5b926150baa65eb64abf57a37124c1a63832ac8eec21fa1abcbd"},
    {file = "baml_py-0.88.0-cp38-abi3-win_amd64.whl", hash = "sha256:8579c95ddf7dd7245478d7a127e6e7ed6144d3936f618a08361103e7022605ad"},
    {file = "baml_py-0.88.0-cp38-abi3-win_arm64.whl", hash = "sha256:af45e04f0ba78b43c4c044bd3b9ba645aa936fa11f7ed3669c5be12e3719bed7"},
]

[[package]]
name = "python-dotenv"
version = "0.21.1"
description = "Read key-value pairs from a .env file and set them as environment variables"
optional = false
python-versions = ">=3.7"
groups = ["main"]
files = [
    {file = "python-dotenv-0.21.1.tar.gz", hash = "sha256:1c93de8f636cde3ce377292818d0e440b6e45a82f215c3744979151fa8151c49"},
    {file = "python_dotenv-0.21.1-py3-none-any.whl", hash = "sha256:41e12e0318bebc859fcc4d97d4db8d20ad21721a6aa5047dd59f090391cb549a"},
]

[package.extras]
cli = ["click (>=5.0)"]

[metadata]
lock-version = "2.1"
python-versions = ">=3.8,<4.0"
content-hash = "1327ea0332ee6a36b6947ce08ed64c717ce1f475e565b3a6794e40c28ce67b12"
